
Microsoft Visual Studio Solution File, Format Version 12.00
# Visual Studio Version 17
VisualStudioVersion = 17.4.33213.308
MinimumVisualStudioVersion = 10.0.40219.1
Project("{FAE04EC0-301F-11D3-BF4B-00C04F79EFBC}") = "WebView2Ex.UWP", "WebView2Ex.UWP\WebView2Ex.UWP.csproj", "{AA80F65F-4790-47AB-969F-0F6A060DCEF0}"
EndProject
Project("{FAE04EC0-301F-11D3-BF4B-00C04F79EFBC}") = "WebView2ExTest.UWP", "WebView2ExTest.UWP\WebView2ExTest.UWP.csproj", "{4321BAD0-0E5E-4709-A684-4B06581FA77D}"
EndProject
Project("{D954291E-2A0B-460D-934E-DC6B0785DB48}") = "WebView2Ex.Shared", "WebView2Ex.Shared\WebView2Ex.Shared.shproj", "{DA1F3539-44D9-49B0-A7D6-CA2CC2756E1D}"
EndProject
Project("{9A19103F-16F7-4668-BE54-9A1E7A4F7556}") = "WebView2Ex.WinUI", "WebView2Ex.WinUI\WebView2Ex.WinUI.csproj", "{8B2C46BB-2A0E-48AD-B6D7-CBCCF63342ED}"
EndProject
Project("{9A19103F-16F7-4668-BE54-9A1E7A4F7556}") = "WebView2ExTest.WinUI", "WebView2ExTest.WinUI\WebView2ExTest.WinUI.csproj", "{9F9772BB-7B4A-4093-88AB-44FD45A5C915}"
EndProject
Project("{9A19103F-16F7-4668-BE54-9A1E7A4F7556}") = "DCompPrivateProjection", "DCompAdventure\DCompPrivateProjection\DCompPrivateProjection.csproj", "{3212C21F-0CBE-48E9-A4A8-A804E7EECF47}"
EndProject
Global
	GlobalSection(SolutionConfigurationPlatforms) = preSolution
		Debug|Any CPU = Debug|Any CPU
		Debug|ARM = Debug|ARM
		Debug|ARM64 = Debug|ARM64
		Debug|x64 = Debug|x64
		Debug|x86 = Debug|x86
		Release|Any CPU = Release|Any CPU
		Release|ARM = Release|ARM
		Release|ARM64 = Release|ARM64
		Release|x64 = Release|x64
		Release|x86 = Release|x86
	EndGlobalSection
	GlobalSection(ProjectConfigurationPlatforms) = postSolution
		{AA80F65F-4790-47AB-969F-0F6A060DCEF0}.Debug|Any CPU.ActiveCfg = Debug|Any CPU
		{AA80F65F-4790-47AB-969F-0F6A060DCEF0}.Debug|Any CPU.Build.0 = Debug|Any CPU
		{AA80F65F-4790-47AB-969F-0F6A060DCEF0}.Debug|ARM.ActiveCfg = Debug|ARM
		{AA80F65F-4790-47AB-969F-0F6A060DCEF0}.Debug|ARM.Build.0 = Debug|ARM
		{AA80F65F-4790-47AB-969F-0F6A060DCEF0}.Debug|ARM64.ActiveCfg = Debug|ARM64
		{AA80F65F-4790-47AB-969F-0F6A060DCEF0}.Debug|ARM64.Build.0 = Debug|ARM64
		{AA80F65F-4790-47AB-969F-0F6A060DCEF0}.Debug|x64.ActiveCfg = Debug|x64
		{AA80F65F-4790-47AB-969F-0F6A060DCEF0}.Debug|x64.Build.0 = Debug|x64
		{AA80F65F-4790-47AB-969F-0F6A060DCEF0}.Debug|x86.ActiveCfg = Debug|Win32
		{AA80F65F-4790-47AB-969F-0F6A060DCEF0}.Debug|x86.Build.0 = Debug|Win32
		{AA80F65F-4790-47AB-969F-0F6A060DCEF0}.Release|Any CPU.ActiveCfg = Release|Any CPU
		{AA80F65F-4790-47AB-969F-0F6A060DCEF0}.Release|Any CPU.Build.0 = Release|Any CPU
		{AA80F65F-4790-47AB-969F-0F6A060DCEF0}.Release|ARM.ActiveCfg = Release|ARM
		{AA80F65F-4790-47AB-969F-0F6A060DCEF0}.Release|ARM.Build.0 = Release|ARM
		{AA80F65F-4790-47AB-969F-0F6A060DCEF0}.Release|ARM64.ActiveCfg = Release|ARM64
		{AA80F65F-4790-47AB-969F-0F6A060DCEF0}.Release|ARM64.Build.0 = Release|ARM64
		{AA80F65F-4790-47AB-969F-0F6A060DCEF0}.Release|x64.ActiveCfg = Release|x64
		{AA80F65F-4790-47AB-969F-0F6A060DCEF0}.Release|x64.Build.0 = Release|x64
		{AA80F65F-4790-47AB-969F-0F6A060DCEF0}.Release|x86.ActiveCfg = Release|Win32
		{AA80F65F-4790-47AB-969F-0F6A060DCEF0}.Release|x86.Build.0 = Release|Win32
		{4321BAD0-0E5E-4709-A684-4B06581FA77D}.Debug|Any CPU.ActiveCfg = Debug|Any CPU
		{4321BAD0-0E5E-4709-A684-4B06581FA77D}.Debug|Any CPU.Build.0 = Debug|Any CPU
		{4321BAD0-0E5E-4709-A684-4B06581FA77D}.Debug|Any CPU.Deploy.0 = Debug|Any CPU
		{4321BAD0-0E5E-4709-A684-4B06581FA77D}.Debug|ARM.ActiveCfg = Debug|ARM
		{4321BAD0-0E5E-4709-A684-4B06581FA77D}.Debug|ARM.Build.0 = Debug|ARM
		{4321BAD0-0E5E-4709-A684-4B06581FA77D}.Debug|ARM.Deploy.0 = Debug|ARM
		{4321BAD0-0E5E-4709-A684-4B06581FA77D}.Debug|ARM64.ActiveCfg = Debug|ARM64
		{4321BAD0-0E5E-4709-A684-4B06581FA77D}.Debug|ARM64.Build.0 = Debug|ARM64
		{4321BAD0-0E5E-4709-A684-4B06581FA77D}.Debug|ARM64.Deploy.0 = Debug|ARM64
		{4321BAD0-0E5E-4709-A684-4B06581FA77D}.Debug|x64.ActiveCfg = Debug|x64
		{4321BAD0-0E5E-4709-A684-4B06581FA77D}.Debug|x64.Build.0 = Debug|x64
		{4321BAD0-0E5E-4709-A684-4B06581FA77D}.Debug|x64.Deploy.0 = Debug|x64
		{4321BAD0-0E5E-4709-A684-4B06581FA77D}.Debug|x86.ActiveCfg = Debug|x86
		{4321BAD0-0E5E-4709-A684-4B06581FA77D}.Debug|x86.Build.0 = Debug|x86
		{4321BAD0-0E5E-4709-A684-4B06581FA77D}.Debug|x86.Deploy.0 = Debug|x86
		{4321BAD0-0E5E-4709-A684-4B06581FA77D}.Release|Any CPU.ActiveCfg = Release|Any CPU
		{4321BAD0-0E5E-4709-A684-4B06581FA77D}.Release|Any CPU.Build.0 = Release|Any CPU
		{4321BAD0-0E5E-4709-A684-4B06581FA77D}.Release|Any CPU.Deploy.0 = Release|Any CPU
		{4321BAD0-0E5E-4709-A684-4B06581FA77D}.Release|ARM.ActiveCfg = Release|ARM
		{4321BAD0-0E5E-4709-A684-4B06581FA77D}.Release|ARM.Build.0 = Release|ARM
		{4321BAD0-0E5E-4709-A684-4B06581FA77D}.Release|ARM.Deploy.0 = Release|ARM
		{4321BAD0-0E5E-4709-A684-4B06581FA77D}.Release|ARM64.ActiveCfg = Release|ARM64
		{4321BAD0-0E5E-4709-A684-4B06581FA77D}.Release|ARM64.Build.0 = Release|ARM64
		{4321BAD0-0E5E-4709-A684-4B06581FA77D}.Release|ARM64.Deploy.0 = Release|ARM64
		{4321BAD0-0E5E-4709-A684-4B06581FA77D}.Release|x64.ActiveCfg = Release|x64
		{4321BAD0-0E5E-4709-A684-4B06581FA77D}.Release|x64.Build.0 = Release|x64
		{4321BAD0-0E5E-4709-A684-4B06581FA77D}.Release|x64.Deploy.0 = Release|x64
		{4321BAD0-0E5E-4709-A684-4B06581FA77D}.Release|x86.ActiveCfg = Release|x86
		{4321BAD0-0E5E-4709-A684-4B06581FA77D}.Release|x86.Build.0 = Release|x86
		{4321BAD0-0E5E-4709-A684-4B06581FA77D}.Release|x86.Deploy.0 = Release|x86
		{8B2C46BB-2A0E-48AD-B6D7-CBCCF63342ED}.Debug|Any CPU.ActiveCfg = Debug|Any CPU
		{8B2C46BB-2A0E-48AD-B6D7-CBCCF63342ED}.Debug|Any CPU.Build.0 = Debug|Any CPU
		{8B2C46BB-2A0E-48AD-B6D7-CBCCF63342ED}.Debug|ARM.ActiveCfg = Debug|Any CPU
		{8B2C46BB-2A0E-48AD-B6D7-CBCCF63342ED}.Debug|ARM.Build.0 = Debug|Any CPU
		{8B2C46BB-2A0E-48AD-B6D7-CBCCF63342ED}.Debug|ARM64.ActiveCfg = Debug|Any CPU
		{8B2C46BB-2A0E-48AD-B6D7-CBCCF63342ED}.Debug|ARM64.Build.0 = Debug|Any CPU
		{8B2C46BB-2A0E-48AD-B6D7-CBCCF63342ED}.Debug|x64.ActiveCfg = Debug|x64
		{8B2C46BB-2A0E-48AD-B6D7-CBCCF63342ED}.Debug|x64.Build.0 = Debug|x64
		{8B2C46BB-2A0E-48AD-B6D7-CBCCF63342ED}.Debug|x86.ActiveCfg = Debug|Any CPU
		{8B2C46BB-2A0E-48AD-B6D7-CBCCF63342ED}.Debug|x86.Build.0 = Debug|Any CPU
		{8B2C46BB-2A0E-48AD-B6D7-CBCCF63342ED}.Release|Any CPU.ActiveCfg = Release|Any CPU
		{8B2C46BB-2A0E-48AD-B6D7-CBCCF63342ED}.Release|Any CPU.Build.0 = Release|Any CPU
		{8B2C46BB-2A0E-48AD-B6D7-CBCCF63342ED}.Release|ARM.ActiveCfg = Release|Any CPU
		{8B2C46BB-2A0E-48AD-B6D7-CBCCF63342ED}.Release|ARM.Build.0 = Release|Any CPU
		{8B2C46BB-2A0E-48AD-B6D7-CBCCF63342ED}.Release|ARM64.ActiveCfg = Release|Any CPU
		{8B2C46BB-2A0E-48AD-B6D7-CBCCF63342ED}.Release|ARM64.Build.0 = Release|Any CPU
		{8B2C46BB-2A0E-48AD-B6D7-CBCCF63342ED}.Release|x64.ActiveCfg = Release|Any CPU
		{8B2C46BB-2A0E-48AD-B6D7-CBCCF63342ED}.Release|x64.Build.0 = Release|Any CPU
		{8B2C46BB-2A0E-48AD-B6D7-CBCCF63342ED}.Release|x86.ActiveCfg = Release|Any CPU
		{8B2C46BB-2A0E-48AD-B6D7-CBCCF63342ED}.Release|x86.Build.0 = Release|Any CPU
		{9F9772BB-7B4A-4093-88AB-44FD45A5C915}.Debug|Any CPU.ActiveCfg = Debug|x64
		{9F9772BB-7B4A-4093-88AB-44FD45A5C915}.Debug|Any CPU.Build.0 = Debug|x64
		{9F9772BB-7B4A-4093-88AB-44FD45A5C915}.Debug|Any CPU.Deploy.0 = Debug|x64
		{9F9772BB-7B4A-4093-88AB-44FD45A5C915}.Debug|ARM.ActiveCfg = Debug|x64
		{9F9772BB-7B4A-4093-88AB-44FD45A5C915}.Debug|ARM.Build.0 = Debug|x64
		{9F9772BB-7B4A-4093-88AB-44FD45A5C915}.Debug|ARM.Deploy.0 = Debug|x64
		{9F9772BB-7B4A-4093-88AB-44FD45A5C915}.Debug|ARM64.ActiveCfg = Debug|ARM64
		{9F9772BB-7B4A-4093-88AB-44FD45A5C915}.Debug|ARM64.Build.0 = Debug|ARM64
		{9F9772BB-7B4A-4093-88AB-44FD45A5C915}.Debug|ARM64.Deploy.0 = Debug|ARM64
		{9F9772BB-7B4A-4093-88AB-44FD45A5C915}.Debug|x64.ActiveCfg = Debug|x64
		{9F9772BB-7B4A-4093-88AB-44FD45A5C915}.Debug|x64.Build.0 = Debug|x64
		{9F9772BB-7B4A-4093-88AB-44FD45A5C915}.Debug|x64.Deploy.0 = Debug|x64
		{9F9772BB-7B4A-4093-88AB-44FD45A5C915}.Debug|x86.ActiveCfg = Debug|x86
		{9F9772BB-7B4A-4093-88AB-44FD45A5C915}.Debug|x86.Build.0 = Debug|x86
		{9F9772BB-7B4A-4093-88AB-44FD45A5C915}.Debug|x86.Deploy.0 = Debug|x86
		{9F9772BB-7B4A-4093-88AB-44FD45A5C915}.Release|Any CPU.ActiveCfg = Release|x64
		{9F9772BB-7B4A-4093-88AB-44FD45A5C915}.Release|Any CPU.Build.0 = Release|x64
		{9F9772BB-7B4A-4093-88AB-44FD45A5C915}.Release|Any CPU.Deploy.0 = Release|x64
		{9F9772BB-7B4A-4093-88AB-44FD45A5C915}.Release|ARM.ActiveCfg = Release|x64
		{9F9772BB-7B4A-4093-88AB-44FD45A5C915}.Release|ARM.Build.0 = Release|x64
		{9F9772BB-7B4A-4093-88AB-44FD45A5C915}.Release|ARM.Deploy.0 = Release|x64
		{9F9772BB-7B4A-4093-88AB-44FD45A5C915}.Release|ARM64.ActiveCfg = Release|ARM64
		{9F9772BB-7B4A-4093-88AB-44FD45A5C915}.Release|ARM64.Build.0 = Release|ARM64
		{9F9772BB-7B4A-4093-88AB-44FD45A5C915}.Release|ARM64.Deploy.0 = Release|ARM64
		{9F9772BB-7B4A-4093-88AB-44FD45A5C915}.Release|x64.ActiveCfg = Release|x64
		{9F9772BB-7B4A-4093-88AB-44FD45A5C915}.Release|x64.Build.0 = Release|x64
		{9F9772BB-7B4A-4093-88AB-44FD45A5C915}.Release|x64.Deploy.0 = Release|x64
		{9F9772BB-7B4A-4093-88AB-44FD45A5C915}.Release|x86.ActiveCfg = Release|x86
		{9F9772BB-7B4A-4093-88AB-44FD45A5C915}.Release|x86.Build.0 = Release|x86
		{9F9772BB-7B4A-4093-88AB-44FD45A5C915}.Release|x86.Deploy.0 = Release|x86
		{3212C21F-0CBE-48E9-A4A8-A804E7EECF47}.Debug|Any CPU.ActiveCfg = Debug|x64
		{3212C21F-0CBE-48E9-A4A8-A804E7EECF47}.Debug|Any CPU.Build.0 = Debug|x64
		{3212C21F-0CBE-48E9-A4A8-A804E7EECF47}.Debug|ARM.ActiveCfg = Debug|x64
		{3212C21F-0CBE-48E9-A4A8-A804E7EECF47}.Debug|ARM.Build.0 = Debug|x64
		{3212C21F-0CBE-48E9-A4A8-A804E7EECF47}.Debug|ARM64.ActiveCfg = Debug|ARM64
		{3212C21F-0CBE-48E9-A4A8-A804E7EECF47}.Debug|ARM64.Build.0 = Debug|ARM64
		{3212C21F-0CBE-48E9-A4A8-A804E7EECF47}.Debug|x64.ActiveCfg = Debug|x64
		{3212C21F-0CBE-48E9-A4A8-A804E7EECF47}.Debug|x64.Build.0 = Debug|x64
		{3212C21F-0CBE-48E9-A4A8-A804E7EECF47}.Debug|x86.ActiveCfg = Debug|x64
		{3212C21F-0CBE-48E9-A4A8-A804E7EECF47}.Debug|x86.Build.0 = Debug|x64
		{3212C21F-0CBE-48E9-A4A8-A804E7EECF47}.Release|Any CPU.ActiveCfg = Release|x64
		{3212C21F-0CBE-48E9-A4A8-A804E7EECF47}.Release|Any CPU.Build.0 = Release|x64
		{3212C21F-0CBE-48E9-A4A8-A804E7EECF47}.Release|ARM.ActiveCfg = Release|x64
		{3212C21F-0CBE-48E9-A4A8-A804E7EECF47}.Release|ARM.Build.0 = Release|x64
		{3212C21F-0CBE-48E9-A4A8-A804E7EECF47}.Release|ARM64.ActiveCfg = Release|ARM64
		{3212C21F-0CBE-48E9-A4A8-A804E7EECF47}.Release|ARM64.Build.0 = Release|ARM64
		{3212C21F-0CBE-48E9-A4A8-A804E7EECF47}.Release|x64.ActiveCfg = Release|x64
		{3212C21F-0CBE-48E9-A4A8-A804E7EECF47}.Release|x64.Build.0 = Release|x64
		{3212C21F-0CBE-48E9-A4A8-A804E7EECF47}.Release|x86.ActiveCfg = Release|x64
		{3212C21F-0CBE-48E9-A4A8-A804E7EECF47}.Release|x86.Build.0 = Release|x64
	EndGlobalSection
	GlobalSection(SolutionProperties) = preSolution
		HideSolutionNode = FALSE
	EndGlobalSection
	GlobalSection(ExtensibilityGlobals) = postSolution
		SolutionGuid = {EFCC7409-71C4-447F-BF39-F4F8070D86F5}
	EndGlobalSection
	GlobalSection(SharedMSBuildProjectFiles) = preSolution
		WebView2Ex.Shared\WebView2Ex.Shared.projitems*{8b2c46bb-2a0e-48ad-b6d7-cbccf63342ed}*SharedItemsImports = 5
		WebView2Ex.Shared\WebView2Ex.Shared.projitems*{aa80f65f-4790-47ab-969f-0f6a060dcef0}*SharedItemsImports = 4
		WebView2Ex.Shared\WebView2Ex.Shared.projitems*{da1f3539-44d9-49b0-a7d6-ca2cc2756e1d}*SharedItemsImports = 13
	EndGlobalSection
EndGlobal
